# THIS IS AN AUTOGENERATED FILE. DO NOT EDIT THIS FILE DIRECTLY.
# yarn lockfile v1


"@esbuild/android-arm64@0.18.18":
  version "0.18.18"
  resolved "https://registry.yarnpkg.com/@esbuild/android-arm64/-/android-arm64-0.18.18.tgz#a52e0a1276065b1bf6b2de45b482cf36b6b945bd"
  integrity sha512-dkAPYzRHq3dNXIzOyAknYOzsx8o3KWaNiuu56B2rP9IFPmFWMS58WQcTlUQi6iloku8ZyHHMluCe5sTWhKq/Yw==

"@esbuild/android-arm@0.18.18":
  version "0.18.18"
  resolved "https://registry.yarnpkg.com/@esbuild/android-arm/-/android-arm-0.18.18.tgz#ffd591b956ced1c96e1224edfbed1001adadf2ae"
  integrity sha512-oBymf7ZwplAawSxmiSlBCf+FMcY0f4bs5QP2jn43JKUf0M9DnrUTjqa5RvFPl1elw+sMfcpfBRPK+rb+E1q7zg==

"@esbuild/android-x64@0.18.18":
  version "0.18.18"
  resolved "https://registry.yarnpkg.com/@esbuild/android-x64/-/android-x64-0.18.18.tgz#6e8a7b41fc80265849e0a1de928fe162b27990c7"
  integrity sha512-r7/pVcrUQMYkjvtE/1/n6BxhWM+/9tvLxDG1ev1ce4z3YsqoxMK9bbOM6bFcj0BowMeGQvOZWcBV182lFFKmrw==

"@esbuild/darwin-arm64@0.18.18":
  version "0.18.18"
  resolved "https://registry.yarnpkg.com/@esbuild/darwin-arm64/-/darwin-arm64-0.18.18.tgz#36755dc44cefac6c56e82ed3b67f9d457ca27156"
  integrity sha512-MSe2iV9MAH3wfP0g+vzN9bp36rtPPuCSk+bT5E2vv/d8krvW5uB/Pi/Q5+txUZuxsG3GcO8dhygjnFq0wJU9hQ==

"@esbuild/darwin-x64@0.18.18":
  version "0.18.18"
  resolved "https://registry.yarnpkg.com/@esbuild/darwin-x64/-/darwin-x64-0.18.18.tgz#8aa691d0cbd3fb67f9f9083375c0c72e0463b8b2"
  integrity sha512-ARFYISOWkaifjcr48YtO70gcDNeOf1H2RnmOj6ip3xHIj66f3dAbhcd5Nph5np6oHI7DhHIcr9MWO18RvUL1bw==

"@esbuild/freebsd-arm64@0.18.18":
  version "0.18.18"
  resolved "https://registry.yarnpkg.com/@esbuild/freebsd-arm64/-/freebsd-arm64-0.18.18.tgz#0aafde382df508d7863360950d5f491c07024806"
  integrity sha512-BHnXmexzEWRU2ZySJosU0Ts0NRnJnNrMB6t4EiIaOSel73I8iLsNiTPLH0rJulAh19cYZutsB5XHK6N8fi5eMg==

"@esbuild/freebsd-x64@0.18.18":
  version "0.18.18"
  resolved "https://registry.yarnpkg.com/@esbuild/freebsd-x64/-/freebsd-x64-0.18.18.tgz#f00e54a3b65824ac3c749173bec9cd56d95fe73b"
  integrity sha512-n823w35wm0ZOobbuE//0sJjuz1Qj619+AwjgOcAJMN2pomZhH9BONCtn+KlfrmM/NWZ+27yB/eGVFzUIWLeh3w==

"@esbuild/linux-arm64@0.18.18":
  version "0.18.18"
  resolved "https://registry.yarnpkg.com/@esbuild/linux-arm64/-/linux-arm64-0.18.18.tgz#e04203429670257126a1bfee79bbd56448b24f5e"
  integrity sha512-zANxnwF0sCinDcAqoMohGoWBK9QaFJ65Vgh0ZE+RXtURaMwx+RfmfLElqtnn7X8OYNckMoIXSg7u+tZ3tqTlrA==

"@esbuild/linux-arm@0.18.18":
  version "0.18.18"
  resolved "https://registry.yarnpkg.com/@esbuild/linux-arm/-/linux-arm-0.18.18.tgz#863236dc47df2269f860001ca5c5ff50931e9933"
  integrity sha512-Kck3jxPLQU4VeAGwe8Q4NU+IWIx+suULYOFUI9T0C2J1+UQlOHJ08ITN+MaJJ+2youzJOmKmcphH/t3SJxQ1Tw==

"@esbuild/linux-ia32@0.18.18":
  version "0.18.18"
  resolved "https://registry.yarnpkg.com/@esbuild/linux-ia32/-/linux-ia32-0.18.18.tgz#9ef6c7eeb8c86c5c1b7234a9684c6f45cbc2ed57"
  integrity sha512-+VHz2sIRlY5u8IlaLJpdf5TL2kM76yx186pW7bpTB+vLWpzcFQVP04L842ZB2Ty13A1VXUvy3DbU1jV65P2skg==

"@esbuild/linux-loong64@0.18.18":
  version "0.18.18"
  resolved "https://registry.yarnpkg.com/@esbuild/linux-loong64/-/linux-loong64-0.18.18.tgz#dca8624674924ac92c9e56399af160479283f130"
  integrity sha512-fXPEPdeGBvguo/1+Na8OIWz3667BN1cwbGtTEZWTd0qdyTsk5gGf9jVX8MblElbDb/Cpw6y5JiaQuL96YmvBwQ==

"@esbuild/linux-mips64el@0.18.18":
  version "0.18.18"
  resolved "https://registry.yarnpkg.com/@esbuild/linux-mips64el/-/linux-mips64el-0.18.18.tgz#e6525b60ae9d8c3bdc652a773e6ebf66caa3fdd3"
  integrity sha512-dLvRB87pIBIRnEIC32LIcgwK1JzlIuADIRjLKdUIpxauKwMuS/xMpN+cFl+0nN4RHNYOZ57DmXFFmQAcdlFOmw==

"@esbuild/linux-ppc64@0.18.18":
  version "0.18.18"
  resolved "https://registry.yarnpkg.com/@esbuild/linux-ppc64/-/linux-ppc64-0.18.18.tgz#2ea6a4e0c6b0db21770d2c3c1525623dceadfe46"
  integrity sha512-fRChqIJZ7hLkXSKfBLYgsX9Ssb5OGCjk3dzCETF5QSS1qjTgayLv0ALUdJDB9QOh/nbWwp+qfLZU6md4XcjL7w==

"@esbuild/linux-riscv64@0.18.18":
  version "0.18.18"
  resolved "https://registry.yarnpkg.com/@esbuild/linux-riscv64/-/linux-riscv64-0.18.18.tgz#296c25d5bdeb3bab9ca79ad5279a8cc0a42fbeea"
  integrity sha512-ALK/BT3u7Hoa/vHjow6W6+MKF0ohYcVcVA1EpskI4bkBPVuDLrUDqt2YFifg5UcZc8qup0CwQqWmFUd6VMNgaA==

"@esbuild/linux-s390x@0.18.18":
  version "0.18.18"
  resolved "https://registry.yarnpkg.com/@esbuild/linux-s390x/-/linux-s390x-0.18.18.tgz#bec4e9c982e778c51deaa754e1ed3f0546705647"
  integrity sha512-crT7jtOXd9iirY65B+mJQ6W0HWdNy8dtkZqKGWNcBnunpLcTCfne5y5bKic9bhyYzKpQEsO+C/VBPD8iF0RhRw==

"@esbuild/linux-x64@0.18.18":
  version "0.18.18"
  resolved "https://registry.npmjs.org/@esbuild/linux-x64/-/linux-x64-0.18.18.tgz"
  integrity sha512-/NSgghjBOW9ELqjXDYxOCCIsvQUZpvua1/6NdnA9Vnrp9UzEydyDdFXljUjMMS9p5KxMzbMO9frjHYGVHBfCHg==

"@esbuild/netbsd-x64@0.18.18":
  version "0.18.18"
  resolved "https://registry.yarnpkg.com/@esbuild/netbsd-x64/-/netbsd-x64-0.18.18.tgz#99b6125868c5ba8f0131bacc3f2bd05918245f45"
  integrity sha512-8Otf05Vx5sZjLLDulgr5QS5lsWXMplKZEyHMArH9/S4olLlhzmdhQBPhzhJTNwaL2FJNdWcUPNGAcoD5zDTfUA==

"@esbuild/openbsd-x64@0.18.18":
  version "0.18.18"
  resolved "https://registry.yarnpkg.com/@esbuild/openbsd-x64/-/openbsd-x64-0.18.18.tgz#c2685bdd1e5aa11be1e212db371f474812a9b158"
  integrity sha512-tFiFF4kT5L5qhVrWJUNxEXWvvX8nK/UX9ZrB7apuTwY3f6+Xy4aFMBPwAVrBYtBd5MOUuyOVHK6HBZCAHkwUlw==

"@esbuild/sunos-x64@0.18.18":
  version "0.18.18"
  resolved "https://registry.yarnpkg.com/@esbuild/sunos-x64/-/sunos-x64-0.18.18.tgz#277b2f5727119fe3004e673eb9f6ead0b4ff0738"
  integrity sha512-MPogVV8Bzh8os4OM+YDGGsSzCzmNRiyKGtHoJyZLtI4BMmd6EcxmGlcEGK1uM46h1BiOyi7Z7teUtzzQhvkC+w==

"@esbuild/win32-arm64@0.18.18":
  version "0.18.18"
  resolved "https://registry.yarnpkg.com/@esbuild/win32-arm64/-/win32-arm64-0.18.18.tgz#e94d9e6d058e0ccb92d858badd4a6aa74772150e"
  integrity sha512-YKD6LF/XXY9REu+ZL5RAsusiG48n602qxsMVh/E8FFD9hp4OyTQaL9fpE1ovxwQXqFio+tT0ITUGjDSSSPN13w==

"@esbuild/win32-ia32@0.18.18":
  version "0.18.18"
  resolved "https://registry.yarnpkg.com/@esbuild/win32-ia32/-/win32-ia32-0.18.18.tgz#454916b1d0b85d2f82252192ae7bd5ea65c98ea1"
  integrity sha512-NjSBmBsyZBTsZB6ga6rA6PfG/RHnwruUz/9YEVXcm4STGauFWvhYhOMhEyw1yU5NVgYYm8CH5AltCm77TS21/Q==

"@esbuild/win32-x64@0.18.18":
  version "0.18.18"
  resolved "https://registry.yarnpkg.com/@esbuild/win32-x64/-/win32-x64-0.18.18.tgz#914c007ab1dbd28ca84e79ee666adeee6ccf92b4"
  integrity sha512-eTSg/gC3p3tdjj4roDhe5xu94l1s2jMazP8u2FsYO8SEKvSpPOO71EucprDn/IuErDPvTFUhV9lTw5z5WJCRKQ==

"@hotwired/stimulus@^3.2.1":
  version "3.2.1"
  resolved "https://registry.npmjs.org/@hotwired/stimulus/-/stimulus-3.2.1.tgz"
  integrity sha512-HGlzDcf9vv/EQrMJ5ZG6VWNs8Z/xMN+1o2OhV1gKiSG6CqZt5MCBB1gRg5ILiN3U0jEAxuDTNPRfBcnZBDmupQ==

"@hotwired/turbo-rails@^7.3.0":
  version "7.3.0"
  resolved "https://registry.npmjs.org/@hotwired/turbo-rails/-/turbo-rails-7.3.0.tgz"
  integrity sha512-fvhO64vp/a2UVQ3jue9WTc2JisMv9XilIC7ViZmXAREVwiQ2S4UC7Go8f9A1j4Xu7DBI6SbFdqILk5ImqVoqyA==
  dependencies:
    "@hotwired/turbo" "^7.3.0"
    "@rails/actioncable" "^7.0"

"@hotwired/turbo@^7.3.0":
  version "7.3.0"
  resolved "https://registry.npmjs.org/@hotwired/turbo/-/turbo-7.3.0.tgz"
  integrity sha512-Dcu+NaSvHLT7EjrDrkEmH4qET2ZJZ5IcCWmNXxNQTBwlnE5tBZfN6WxZ842n5cHV52DH/AKNirbPBtcEXDLW4g==

"@juggle/resize-observer@^3.3.1":
  version "3.4.0"
  resolved "https://registry.npmjs.org/@juggle/resize-observer/-/resize-observer-3.4.0.tgz"
  integrity sha512-dfLbk+PwWvFzSxwk3n5ySL0hfBog779o8h68wK/7/APo/7cgyWp5jcXockbxdk5kFRkbeXWm4Fbi9FrdN381sA==

"@popperjs/core@^2.11.8":
  version "2.11.8"
  resolved "https://registry.npmjs.org/@popperjs/core/-/core-2.11.8.tgz"
  integrity sha512-P1st0aksCrn9sGZhp8GMYwBnQsbvAWsZAX44oXNNvLHGqAOcoVxmjZiohstwQ7SqKnbR47akdNi+uleWD8+g6A==

"@rails/actioncable@^7.0":
  version "7.0.6"
  resolved "https://registry.npmjs.org/@rails/actioncable/-/actioncable-7.0.6.tgz"
  integrity sha512-ybBsUrIsu5geM8BtqnpM7ZA9D8uzSz+e1B4JR57NaCmasHKWap6AX5DT7NHIbp21opVet1qqoVSdsoLDqXeB2A==

anymatch@~3.1.2:
  version "3.1.3"
  resolved "https://registry.npmjs.org/anymatch/-/anymatch-3.1.3.tgz"
  integrity sha512-KMReFUr0B4t+D+OBkjR3KYqvocp2XaSzO55UcB6mgQMd3KbcE+mWTyvVV7D/zsdEbNnV6acZUutkiHQXvTr1Rw==
  dependencies:
    normalize-path "^3.0.0"
    picomatch "^2.0.4"

autoprefixer@^9:
  version "9.8.8"
  resolved "https://registry.yarnpkg.com/autoprefixer/-/autoprefixer-9.8.8.tgz#fd4bd4595385fa6f06599de749a4d5f7a474957a"
  integrity sha512-eM9d/swFopRt5gdJ7jrpCwgvEMIayITpojhkkSMRsFHYuH5bkSQ4p/9qTEHtmNudUZh22Tehu7I6CxAW0IXTKA==
  dependencies:
    browserslist "^4.12.0"
    caniuse-lite "^1.0.30001109"
    normalize-range "^0.1.2"
    num2fraction "^1.2.2"
    picocolors "^0.2.1"
    postcss "^7.0.32"
    postcss-value-parser "^4.1.0"

binary-extensions@^2.0.0:
  version "2.2.0"
  resolved "https://registry.npmjs.org/binary-extensions/-/binary-extensions-2.2.0.tgz"
  integrity sha512-jDctJ/IVQbZoJykoeHbhXpOlNBqGNcwXJKJog42E5HDPUwQTSdjCHdihjj0DlnheQ7blbT6dHOafNAiS8ooQKA==

bootstrap-icons@^1.10.5:
  version "1.10.5"
  resolved "https://registry.npmjs.org/bootstrap-icons/-/bootstrap-icons-1.10.5.tgz"
  integrity sha512-oSX26F37V7QV7NCE53PPEL45d7EGXmBgHG3pDpZvcRaKVzWMqIRL9wcqJUyEha1esFtM3NJzvmxFXDxjJYD0jQ==

bootstrap@^5.3.1:
  version "5.3.1"
  resolved "https://registry.npmjs.org/bootstrap/-/bootstrap-5.3.1.tgz"
  integrity sha512-jzwza3Yagduci2x0rr9MeFSORjcHpt0lRZukZPZQJT1Dth5qzV7XcgGqYzi39KGAVYR8QEDVoO0ubFKOxzMG+g==

braces@~3.0.2:
  version "3.0.2"
  resolved "https://registry.npmjs.org/braces/-/braces-3.0.2.tgz"
  integrity sha512-b8um+L1RzM3WDSzvhm6gIz1yfTbBt6YTlcEKAvsmqCZZFw46z626lVj9j1yEPW33H5H+lBQpZMP1k8l+78Ha0A==
  dependencies:
    fill-range "^7.0.1"

browserslist@^4.12.0:
  version "4.23.3"
  resolved "https://registry.yarnpkg.com/browserslist/-/browserslist-4.23.3.tgz#debb029d3c93ebc97ffbc8d9cbb03403e227c800"
  integrity sha512-btwCFJVjI4YWDNfau8RhZ+B1Q/VLoUITrm3RlP6y1tYGWIOa+InuYiRGXUBXo8nA1qKmHMyLB/iVQg5TT4eFoA==
  dependencies:
    caniuse-lite "^1.0.30001646"
    electron-to-chromium "^1.5.4"
    node-releases "^2.0.18"
    update-browserslist-db "^1.1.0"

can-use-dom@^0.1.0:
  version "0.1.0"
  resolved "https://registry.npmjs.org/can-use-dom/-/can-use-dom-0.1.0.tgz"
  integrity sha512-ceOhN1DL7Y4O6M0j9ICgmTYziV89WMd96SvSl0REd8PMgrY0B/WBOPoed5S1KUmJqXgUXh8gzSe6E3ae27upsQ==

caniuse-lite@^1.0.30001109, caniuse-lite@^1.0.30001646:
  version "1.0.30001653"
  resolved "https://registry.yarnpkg.com/caniuse-lite/-/caniuse-lite-1.0.30001653.tgz#b8af452f8f33b1c77f122780a4aecebea0caca56"
  integrity sha512-XGWQVB8wFQ2+9NZwZ10GxTYC5hk0Fa+q8cSkr0tgvMhYhMHP/QC+WTgrePMDBWiWc/pV+1ik82Al20XOK25Gcw==

chart.js@2.9.4:
  version "2.9.4"
  resolved "https://registry.npmjs.org/chart.js/-/chart.js-2.9.4.tgz"
  integrity sha512-B07aAzxcrikjAPyV+01j7BmOpxtQETxTSlQ26BEYJ+3iUkbNKaOJ/nDbT6JjyqYxseM0ON12COHYdU2cTIjC7A==
  dependencies:
    chartjs-color "^2.1.0"
    moment "^2.10.2"

chartjs-color-string@^0.6.0:
  version "0.6.0"
  resolved "https://registry.npmjs.org/chartjs-color-string/-/chartjs-color-string-0.6.0.tgz"
  integrity sha512-TIB5OKn1hPJvO7JcteW4WY/63v6KwEdt6udfnDE9iCAZgy+V4SrbSxoIbTw/xkUIapjEI4ExGtD0+6D3KyFd7A==
  dependencies:
    color-name "^1.0.0"

chartjs-color@^2.1.0:
  version "2.4.1"
  resolved "https://registry.npmjs.org/chartjs-color/-/chartjs-color-2.4.1.tgz"
  integrity sha512-haqOg1+Yebys/Ts/9bLo/BqUcONQOdr/hoEr2LLTRl6C5LXctUdHxsCYfvQVg5JIxITrfCNUDr4ntqmQk9+/0w==
  dependencies:
    chartjs-color-string "^0.6.0"
    color-convert "^1.9.3"

"chokidar@>=3.0.0 <4.0.0":
  version "3.5.3"
  resolved "https://registry.npmjs.org/chokidar/-/chokidar-3.5.3.tgz"
  integrity sha512-Dr3sfKRP6oTcjf2JmUmFJfeVMvXBdegxB0iVQ5eb2V10uFJUCAS8OByZdVAyVb8xXNz3GjjTgj9kLWsZTqE6kw==
  dependencies:
    anymatch "~3.1.2"
    braces "~3.0.2"
    glob-parent "~5.1.2"
    is-binary-path "~2.1.0"
    is-glob "~4.0.1"
    normalize-path "~3.0.0"
    readdirp "~3.6.0"
  optionalDependencies:
    fsevents "~2.3.2"

classnames@^2.2.5:
  version "2.3.2"
  resolved "https://registry.npmjs.org/classnames/-/classnames-2.3.2.tgz"
  integrity sha512-CSbhY4cFEJRe6/GQzIk5qXZ4Jeg5pcsP7b5peFSDpffpe1cqjASH/n9UTjBwOp6XpMSTwQ8Za2K5V02ueA7Tmw==

color-convert@^1.9.3:
  version "1.9.3"
  resolved "https://registry.npmjs.org/color-convert/-/color-convert-1.9.3.tgz"
  integrity sha512-QfAUtd+vFdAtFQcC8CCyYt1fYWxSqAiK2cSD6zDB8N3cpsEBAvRxp9zOGg6G/SHHJYAT88/az/IuDGALsNVbGg==
  dependencies:
    color-name "1.1.3"

color-name@1.1.3:
  version "1.1.3"
  resolved "https://registry.npmjs.org/color-name/-/color-name-1.1.3.tgz"
  integrity sha512-72fSenhMw2HZMTVHeCA9KCmpEIbzWiQsjN+BHcBbS9vr1mtt+vJjPdksIBNUmKAW8TFUDPJK5SUU3QhE9NEXDw==

color-name@^1.0.0:
  version "1.1.4"
  resolved "https://registry.npmjs.org/color-name/-/color-name-1.1.4.tgz"
  integrity sha512-dOy+3AuW3a2wNbZHIuMZpTcgjGuLU/uBL/ubcZF9OXbDo8ff4O8yVp5Bf0efS8uEoYo5q4Fx7dY9OgQGXgAsQA==

core-js@^3.0.1, core-js@^3.1.3:
  version "3.32.0"
  resolved "https://registry.npmjs.org/core-js/-/core-js-3.32.0.tgz"
  integrity sha512-rd4rYZNlF3WuoYuRIDEmbR/ga9CeuWX9U05umAvgrrZoHY4Z++cp/xwPQMvUpBB4Ag6J8KfD80G0zwCyaSxDww==

cssesc@^3.0.0:
  version "3.0.0"
  resolved "https://registry.yarnpkg.com/cssesc/-/cssesc-3.0.0.tgz#37741919903b868565e1c09ea747445cd18983ee"
  integrity sha512-/Tb/JcjK111nNScGob5MNtsntNM1aCNUDipB/TkwZFhyDrrE47SOx/18wF2bbjgc3ZzCSKW1T5nt5EbFoAz/Vg==

electron-to-chromium@^1.5.4:
  version "1.5.13"
  resolved "https://registry.yarnpkg.com/electron-to-chromium/-/electron-to-chromium-1.5.13.tgz#1abf0410c5344b2b829b7247e031f02810d442e6"
  integrity sha512-lbBcvtIJ4J6sS4tb5TLp1b4LyfCdMkwStzXPyAgVgTRAsep4bvrAGaBOP7ZJtQMNJpSQ9SqG4brWOroNaQtm7Q==

esbuild@^0.18.18:
  version "0.18.18"
  resolved "https://registry.npmjs.org/esbuild/-/esbuild-0.18.18.tgz"
  integrity sha512-UckDPWvdVJLNT0npk5AMTpVwGRQhS76rWFLmHwEtgNvWlR9sgVV1eyc/oeBtM86q9s8ABBLMmm0CwNxhVemOiw==
  optionalDependencies:
    "@esbuild/android-arm" "0.18.18"
    "@esbuild/android-arm64" "0.18.18"
    "@esbuild/android-x64" "0.18.18"
    "@esbuild/darwin-arm64" "0.18.18"
    "@esbuild/darwin-x64" "0.18.18"
    "@esbuild/freebsd-arm64" "0.18.18"
    "@esbuild/freebsd-x64" "0.18.18"
    "@esbuild/linux-arm" "0.18.18"
    "@esbuild/linux-arm64" "0.18.18"
    "@esbuild/linux-ia32" "0.18.18"
    "@esbuild/linux-loong64" "0.18.18"
    "@esbuild/linux-mips64el" "0.18.18"
    "@esbuild/linux-ppc64" "0.18.18"
    "@esbuild/linux-riscv64" "0.18.18"
    "@esbuild/linux-s390x" "0.18.18"
    "@esbuild/linux-x64" "0.18.18"
    "@esbuild/netbsd-x64" "0.18.18"
    "@esbuild/openbsd-x64" "0.18.18"
    "@esbuild/sunos-x64" "0.18.18"
    "@esbuild/win32-arm64" "0.18.18"
    "@esbuild/win32-ia32" "0.18.18"
    "@esbuild/win32-x64" "0.18.18"

escalade@^3.1.2:
  version "3.1.2"
  resolved "https://registry.yarnpkg.com/escalade/-/escalade-3.1.2.tgz#54076e9ab29ea5bf3d8f1ed62acffbb88272df27"
  integrity sha512-ErCHMCae19vR8vQGe50xIsVomy19rg6gFu3+r3jkEO46suLMWBksvVyoGgQV+jOfl84ZSOSlmv6Gxa89PmTGmA==

feather-icons@4.28.0:
  version "4.28.0"
  resolved "https://registry.npmjs.org/feather-icons/-/feather-icons-4.28.0.tgz"
  integrity sha512-gRdqKESXRBUZn6Nl0VBq2wPHKRJgZz7yblrrc2lYsS6odkNFDnA4bqvrlEVRUPjE1tFax+0TdbJKZ31ziJuzjg==
  dependencies:
    classnames "^2.2.5"
    core-js "^3.1.3"

fill-range@^7.0.1:
  version "7.0.1"
  resolved "https://registry.npmjs.org/fill-range/-/fill-range-7.0.1.tgz"
  integrity sha512-qOo9F+dMUmC2Lcb4BbVvnKJxTPjCm+RRpe4gDuGrzkL7mEVl/djYSu2OdQ2Pa302N4oqkSg9ir6jaLWJ2USVpQ==
  dependencies:
    to-regex-range "^5.0.1"

flatpickr@4.6.9:
  version "4.6.9"
  resolved "https://registry.npmjs.org/flatpickr/-/flatpickr-4.6.9.tgz"
  integrity sha512-F0azNNi8foVWKSF+8X+ZJzz8r9sE1G4hl06RyceIaLvyltKvDl6vqk9Lm/6AUUCi5HWaIjiUbk7UpeE/fOXOpw==

fsevents@~2.3.2:
  version "2.3.3"
  resolved "https://registry.yarnpkg.com/fsevents/-/fsevents-2.3.3.tgz#cac6407785d03675a2a5e1a5305c697b347d90d6"
  integrity sha512-5xoDfX+fL7faATnagmWPpbFtwh/R77WmMMqqHGS65C3vvB0YHrgF+B1YmZ3441tMj5n63k0212XNoJwzlhffQw==

function-bind@^1.1.2:
  version "1.1.2"
  resolved "https://registry.yarnpkg.com/function-bind/-/function-bind-1.1.2.tgz#2c02d864d97f3ea6c8830c464cbd11ab6eab7a1c"
  integrity sha512-7XHNxH7qX9xG5mIwxkhumTox/MIRNcOgDrxWsMt2pAr23WHp6MrRlN7FBSFpCpr+oVO0F744iUgR82nJMfG2SA==

glob-parent@~5.1.2:
  version "5.1.2"
  resolved "https://registry.npmjs.org/glob-parent/-/glob-parent-5.1.2.tgz"
  integrity sha512-AOIgSQCepiJYwP3ARnGx+5VnTu2HBYdzbGP45eLw1vr3zB3vZLeyed1sC9hnbcOc9/SrMyM5RPQrkGz4aS9Zow==
  dependencies:
    is-glob "^4.0.1"

hasown@^2.0.2:
  version "2.0.2"
  resolved "https://registry.yarnpkg.com/hasown/-/hasown-2.0.2.tgz#003eaf91be7adc372e84ec59dc37252cedb80003"
  integrity sha512-0hJU9SCPvmMzIBdZFqNPXWa6dqh7WdH0cII9y+CyS8rG3nL48Bclra9HmKhVVUHyPWNH5Y7xDwAB7bfgSjkUMQ==
  dependencies:
    function-bind "^1.1.2"

immutable@^4.0.0:
  version "4.3.2"
  resolved "https://registry.npmjs.org/immutable/-/immutable-4.3.2.tgz"
  integrity sha512-oGXzbEDem9OOpDWZu88jGiYCvIsLHMvGw+8OXlpsvTFvIQplQbjg1B1cvKg8f7Hoch6+NGjpPsH1Fr+Mc2D1aA==

is-binary-path@~2.1.0:
  version "2.1.0"
  resolved "https://registry.npmjs.org/is-binary-path/-/is-binary-path-2.1.0.tgz"
  integrity sha512-ZMERYes6pDydyuGidse7OsHxtbI7WVeUEozgR/g7rd0xUimYNlvZRE/K2MgZTjWy725IfelLeVcEM97mmtRGXw==
  dependencies:
    binary-extensions "^2.0.0"

is-core-module@^2.13.0:
  version "2.15.1"
  resolved "https://registry.yarnpkg.com/is-core-module/-/is-core-module-2.15.1.tgz#a7363a25bee942fefab0de13bf6aa372c82dcc37"
  integrity sha512-z0vtXSwucUJtANQWldhbtbt7BnL0vxiFjIdDLAatwhDYty2bad6s+rijD6Ri4YuYJubLzIJLUidCh09e1djEVQ==
  dependencies:
    hasown "^2.0.2"

is-extglob@^2.1.1:
  version "2.1.1"
  resolved "https://registry.npmjs.org/is-extglob/-/is-extglob-2.1.1.tgz"
  integrity sha512-SbKbANkN603Vi4jEZv49LeVJMn4yGwsbzZworEoyEiutsN3nJYdbO36zfhGJ6QEDpOZIFkDtnq5JRxmvl3jsoQ==

is-glob@^4.0.1, is-glob@~4.0.1:
  version "4.0.3"
  resolved "https://registry.npmjs.org/is-glob/-/is-glob-4.0.3.tgz"
  integrity sha512-xelSayHH36ZgE7ZWhli7pW34hNbNl8Ojv5KVmkJD4hBdD3th8Tfk9vYasLM+mXWOZhFkgZfxhLSnrwRr4elSSg==
  dependencies:
    is-extglob "^2.1.1"

is-number@^7.0.0:
  version "7.0.0"
  resolved "https://registry.npmjs.org/is-number/-/is-number-7.0.0.tgz"
  integrity sha512-41Cifkg6e8TylSpdtTpeLVMqvSBEVzTttHvERD741+pnZ8ANv0004MRL43QKPDlK9cGvNp6NZWZUBlbGXYxxng==

jsvectormap@1.3.3:
  version "1.3.3"
  resolved "https://registry.npmjs.org/jsvectormap/-/jsvectormap-1.3.3.tgz"
  integrity sha512-cx0TgSxlFGzoX//4lW5ahP1rGUUiyiYc1p1eGPoF1vGVfEHF3M0+bgith4Fl8s3J1UPYvXpcpOWR9r0He8TpBg==

lodash.debounce@^4.0.8:
  version "4.0.8"
  resolved "https://registry.npmjs.org/lodash.debounce/-/lodash.debounce-4.0.8.tgz"
  integrity sha512-FT1yDzDYEoYWhnSGnpE/4Kj1fLZkDFyqRb7fNt6FdYOSxlUWAtp42Eh6Wb0rGIv/m9Bgo7x4GhQbm5Ys4SG5ow==

lodash.memoize@^4.1.2:
  version "4.1.2"
  resolved "https://registry.npmjs.org/lodash.memoize/-/lodash.memoize-4.1.2.tgz"
  integrity sha512-t7j+NzmgnQzTAYXcsHYLgimltOV1MXHtlOWf6GjL9Kj8GK5FInw5JotxvbOs+IvV1/Dzo04/fCGfLVs7aXb4Ag==

lodash.throttle@^4.1.1:
  version "4.1.1"
  resolved "https://registry.npmjs.org/lodash.throttle/-/lodash.throttle-4.1.1.tgz"
  integrity sha512-wIkUCfVKpVsWo3JSZlc+8MB5it+2AN5W8J7YVMST30UrvcQNZ1Okbj+rbVniijTWE6FGYy4XJq/rHkas8qJMLQ==

moment@^2.10.2:
  version "2.29.4"
  resolved "https://registry.npmjs.org/moment/-/moment-2.29.4.tgz"
  integrity sha512-5LC9SOxjSc2HF6vO2CyuTDNivEdoz2IvyJJGj6X8DJ0eFyfszE0QiEd+iXmBvUP3WHxSjFH/vIsA0EN00cgr8w==

nanoid@^3.3.7:
  version "3.3.7"
  resolved "https://registry.yarnpkg.com/nanoid/-/nanoid-3.3.7.tgz#d0c301a691bc8d54efa0a2226ccf3fe2fd656bd8"
  integrity sha512-eSRppjcPIatRIMC1U6UngP8XFcz8MQWGQdt1MTBQ7NaAmvXDfvNxbvWV3x2y6CdEUciCSsDHDQZbhYaB8QEo2g==

node-releases@^2.0.18:
  version "2.0.18"
  resolved "https://registry.yarnpkg.com/node-releases/-/node-releases-2.0.18.tgz#f010e8d35e2fe8d6b2944f03f70213ecedc4ca3f"
  integrity sha512-d9VeXT4SJ7ZeOqGX6R5EM022wpL+eWPooLI+5UpWn2jCT1aosUQEhQP214x33Wkwx3JQMvIm+tIoVOdodFS40g==

normalize-path@^3.0.0, normalize-path@~3.0.0:
  version "3.0.0"
  resolved "https://registry.npmjs.org/normalize-path/-/normalize-path-3.0.0.tgz"
  integrity sha512-6eZs5Ls3WtCisHWp9S2GUy8dqkpGi4BVSz3GaqiE6ezub0512ESztXUwUB6C6IKbQkY2Pnb/mD4WYojCRwcwLA==

normalize-range@^0.1.2:
  version "0.1.2"
  resolved "https://registry.yarnpkg.com/normalize-range/-/normalize-range-0.1.2.tgz#2d10c06bdfd312ea9777695a4d28439456b75942"
  integrity sha512-bdok/XvKII3nUpklnV6P2hxtMNrCboOjAcyBuQnWEhO665FwrSNRxU+AqpsyvO6LgGYPspN+lu5CLtw4jPRKNA==

num2fraction@^1.2.2:
  version "1.2.2"
  resolved "https://registry.yarnpkg.com/num2fraction/-/num2fraction-1.2.2.tgz#6f682b6a027a4e9ddfa4564cd2589d1d4e669ede"
  integrity sha512-Y1wZESM7VUThYY+4W+X4ySH2maqcA+p7UR+w8VWNWVAd6lwuXXWz/w/Cz43J/dI2I+PS6wD5N+bJUF+gjWvIqg==

path-parse@^1.0.7:
  version "1.0.7"
  resolved "https://registry.yarnpkg.com/path-parse/-/path-parse-1.0.7.tgz#fbc114b60ca42b30d9daf5858e4bd68bbedb6735"
  integrity sha512-LDJzPVEEEPR+y48z93A0Ed0yXb8pAByGWo/k5YYdYgpY2/2EsOsksJrq7lOHxryrVOn1ejG6oAp8ahvOIQD8sw==

picocolors@^0.2.1:
  version "0.2.1"
  resolved "https://registry.yarnpkg.com/picocolors/-/picocolors-0.2.1.tgz#570670f793646851d1ba135996962abad587859f"
  integrity sha512-cMlDqaLEqfSaW8Z7N5Jw+lyIW869EzT73/F5lhtY9cLGoVxSXznfgfXMO0Z5K0o0Q2TkTXq+0KFsdnSe3jDViA==

picocolors@^1.0.1:
  version "1.0.1"
  resolved "https://registry.yarnpkg.com/picocolors/-/picocolors-1.0.1.tgz#a8ad579b571952f0e5d25892de5445bcfe25aaa1"
  integrity sha512-anP1Z8qwhkbmu7MFP5iTt+wQKXgwzf7zTyGlcdzabySa9vd0Xt392U0rVmz9poOaBj0uHJKyyo9/upk0HrEQew==

picomatch@^2.0.4, picomatch@^2.2.1:
  version "2.3.1"
  resolved "https://registry.npmjs.org/picomatch/-/picomatch-2.3.1.tgz"
  integrity sha512-JU3teHTNjmE2VCGFzuY8EXzCDVwEqB2a8fsIvwaStHhAWJEeVd1o1QD80CU6+ZdEXXSLbSsuLwJjkCBWqRQUVA==

pify@^2.3.0:
  version "2.3.0"
  resolved "https://registry.yarnpkg.com/pify/-/pify-2.3.0.tgz#ed141a6ac043a849ea588498e7dca8b15330e90c"
  integrity sha512-udgsAY+fTnvv7kI7aaxbqwWNb0AHiB0qBO89PZKPkoTmGOgdbrHDKD+0B2X4uTfJ/FT1R09r9gTsjUjNJotuog==

postcss-flexbugs-fixes@^5.0.2:
  version "5.0.2"
  resolved "https://registry.yarnpkg.com/postcss-flexbugs-fixes/-/postcss-flexbugs-fixes-5.0.2.tgz#2028e145313074fc9abe276cb7ca14e5401eb49d"
  integrity sha512-18f9voByak7bTktR2QgDveglpn9DTbBWPUzSOe9g0N4WR/2eSt6Vrcbf0hmspvMI6YWGywz6B9f7jzpFNJJgnQ==

postcss-import@^16.1.0:
  version "16.1.0"
  resolved "https://registry.yarnpkg.com/postcss-import/-/postcss-import-16.1.0.tgz#258732175518129667fe1e2e2a05b19b5654b96a"
  integrity sha512-7hsAZ4xGXl4MW+OKEWCnF6T5jqBw80/EE9aXg1r2yyn1RsVEU8EtKXbijEODa+rg7iih4bKf7vlvTGYR4CnPNg==
  dependencies:
    postcss-value-parser "^4.0.0"
    read-cache "^1.0.0"
    resolve "^1.1.7"

postcss-nested@^6.2.0:
  version "6.2.0"
  resolved "https://registry.yarnpkg.com/postcss-nested/-/postcss-nested-6.2.0.tgz#4c2d22ab5f20b9cb61e2c5c5915950784d068131"
  integrity sha512-HQbt28KulC5AJzG+cZtj9kvKB93CFCdLvog1WFLf1D+xmMvPGlBstkpTEZfK5+AN9hfJocyBFCNiqyS48bpgzQ==
  dependencies:
    postcss-selector-parser "^6.1.1"

postcss-selector-parser@^6.1.1:
  version "6.1.2"
  resolved "https://registry.yarnpkg.com/postcss-selector-parser/-/postcss-selector-parser-6.1.2.tgz#27ecb41fb0e3b6ba7a1ec84fff347f734c7929de"
  integrity sha512-Q8qQfPiZ+THO/3ZrOrO0cJJKfpYCagtMUkXbnEfmgUjwXg6z/WBeOyS9APBBPCTSiDV+s4SwQGu8yFsiMRIudg==
  dependencies:
    cssesc "^3.0.0"
    util-deprecate "^1.0.2"

postcss-value-parser@^4.0.0, postcss-value-parser@^4.1.0:
  version "4.2.0"
  resolved "https://registry.yarnpkg.com/postcss-value-parser/-/postcss-value-parser-4.2.0.tgz#723c09920836ba6d3e5af019f92bc0971c02e514"
  integrity sha512-1NNCs6uurfkVbeXG4S8JFT9t19m45ICnif8zWLd5oPSZ50QnwMfK+H3jv408d4jw/7Bttv5axS5IiHoLaVNHeQ==

postcss@^7.0.32:
  version "7.0.39"
  resolved "https://registry.yarnpkg.com/postcss/-/postcss-7.0.39.tgz#9624375d965630e2e1f2c02a935c82a59cb48309"
  integrity sha512-yioayjNbHn6z1/Bywyb2Y4s3yvDAeXGOyxqD+LnVOinq6Mdmd++SW2wUNVzavyyHxd6+DxzWGIuosg6P1Rj8uA==
  dependencies:
    picocolors "^0.2.1"
    source-map "^0.6.1"

postcss@^8.4.41:
  version "8.4.41"
  resolved "https://registry.yarnpkg.com/postcss/-/postcss-8.4.41.tgz#d6104d3ba272d882fe18fc07d15dc2da62fa2681"
  integrity sha512-TesUflQ0WKZqAvg52PWL6kHgLKP6xB6heTOdoYM0Wt2UHyxNa4K25EZZMgKns3BH1RLVbZCREPpLY0rhnNoHVQ==
  dependencies:
    nanoid "^3.3.7"
    picocolors "^1.0.1"
    source-map-js "^1.2.0"

read-cache@^1.0.0:
  version "1.0.0"
  resolved "https://registry.yarnpkg.com/read-cache/-/read-cache-1.0.0.tgz#e664ef31161166c9751cdbe8dbcf86b5fb58f774"
  integrity sha512-Owdv/Ft7IjOgm/i0xvNDZ1LrRANRfew4b2prF3OWMQLxLfu3bS8FVhCsrSCMK4lR56Y9ya+AThoTpDCTxCmpRA==
  dependencies:
    pify "^2.3.0"

readdirp@~3.6.0:
  version "3.6.0"
  resolved "https://registry.npmjs.org/readdirp/-/readdirp-3.6.0.tgz"
  integrity sha512-hOS089on8RduqdbhvQ5Z37A0ESjsqz6qnRcffsMU3495FuTdqSm+7bhJ29JvIOsBDEEnan5DPu9t3To9VRlMzA==
  dependencies:
    picomatch "^2.2.1"

resolve@^1.1.7:
  version "1.22.8"
  resolved "https://registry.yarnpkg.com/resolve/-/resolve-1.22.8.tgz#b6c87a9f2aa06dfab52e3d70ac8cde321fa5a48d"
  integrity sha512-oKWePCxqpd6FlLvGV1VU0x7bkPmmCNolxzjMf4NczoDnQcIWrAF+cPtZn5i6n+RfD2d9i0tzpKnG6Yk168yIyw==
  dependencies:
    is-core-module "^2.13.0"
    path-parse "^1.0.7"
    supports-preserve-symlinks-flag "^1.0.0"

sass@^1.64.2:
  version "1.64.2"
  resolved "https://registry.npmjs.org/sass/-/sass-1.64.2.tgz"
  integrity sha512-TnDlfc+CRnUAgLO9D8cQLFu/GIjJIzJCGkE7o4ekIGQOH7T3GetiRR/PsTWJUHhkzcSPrARkPI+gNWn5alCzDg==
  dependencies:
    chokidar ">=3.0.0 <4.0.0"
    immutable "^4.0.0"
    source-map-js ">=0.6.2 <2.0.0"

simplebar@5.3.6:
  version "5.3.6"
  resolved "https://registry.npmjs.org/simplebar/-/simplebar-5.3.6.tgz"
  integrity sha512-FJUMbV+hNDd/m+1/fvD41TXKd5mSdlI5zgBygkaQIV3SffNbcLhSbJT6ufTs8ZNRLJ6i+qc/KCFMqWmvlGWMhA==
  dependencies:
    "@juggle/resize-observer" "^3.3.1"
    can-use-dom "^0.1.0"
    core-js "^3.0.1"
    lodash.debounce "^4.0.8"
    lodash.memoize "^4.1.2"
    lodash.throttle "^4.1.1"

"source-map-js@>=0.6.2 <2.0.0":
  version "1.0.2"
  resolved "https://registry.npmjs.org/source-map-js/-/source-map-js-1.0.2.tgz"
  integrity sha512-R0XvVJ9WusLiqTCEiGCmICCMplcCkIwwR11mOSD9CR5u+IXYdiseeEuXCVAjS54zqwkLcPNnmU4OeJ6tUrWhDw==

source-map-js@^1.2.0:
  version "1.2.0"
  resolved "https://registry.yarnpkg.com/source-map-js/-/source-map-js-1.2.0.tgz#16b809c162517b5b8c3e7dcd315a2a5c2612b2af"
  integrity sha512-itJW8lvSA0TXEphiRoawsCksnlf8SyvmFzIhltqAHluXd88pkCd+cXJVHTDwdCr0IzwptSm035IHQktUu1QUMg==

source-map@^0.6.1:
  version "0.6.1"
  resolved "https://registry.yarnpkg.com/source-map/-/source-map-0.6.1.tgz#74722af32e9614e9c287a8d0bbde48b5e2f1a263"
  integrity sha512-UjgapumWlbMhkBgzT7Ykc5YXUT46F0iKu8SGXq0bcwP5dz/h0Plj6enJqjz1Zbq2l5WaqYnrVbwWOWMyF3F47g==

supports-preserve-symlinks-flag@^1.0.0:
  version "1.0.0"
  resolved "https://registry.yarnpkg.com/supports-preserve-symlinks-flag/-/supports-preserve-symlinks-flag-1.0.0.tgz#6eda4bd344a3c94aea376d4cc31bc77311039e09"
  integrity sha512-ot0WnXS9fgdkgIcePe6RHNk1WA8+muPa6cSjeR3V8K27q9BB1rTE3R1p7Hv0z1ZyAc8s6Vvv8DIyWf681MAt0w==

to-regex-range@^5.0.1:
  version "5.0.1"
  resolved "https://registry.npmjs.org/to-regex-range/-/to-regex-range-5.0.1.tgz"
  integrity sha512-65P7iz6X5yEr1cwcgvQxbbIw7Uk3gOy5dIdtZ4rDveLqhrdJP+Li/Hx6tyK0NEb+2GCyneCMJiGqrADCSNk8sQ==
  dependencies:
    is-number "^7.0.0"

update-browserslist-db@^1.1.0:
  version "1.1.0"
  resolved "https://registry.yarnpkg.com/update-browserslist-db/-/update-browserslist-db-1.1.0.tgz#7ca61c0d8650766090728046e416a8cde682859e"
  integrity sha512-EdRAaAyk2cUE1wOf2DkEhzxqOQvFOoRJFNS6NeyJ01Gp2beMRpBAINjM2iDXE3KCuKhwnvHIQCJm6ThL2Z+HzQ==
  dependencies:
    escalade "^3.1.2"
    picocolors "^1.0.1"

util-deprecate@^1.0.2:
  version "1.0.2"
  resolved "https://registry.yarnpkg.com/util-deprecate/-/util-deprecate-1.0.2.tgz#450d4dc9fa70de732762fbd2d4a28981419a0ccf"
  integrity sha512-EPD5q1uXyFxJpCrLnCc1nHnq3gOa6DZBocAIiI2TaSCA7VCJ1UJDMagCzIkXNsUYfD1daK//LTEQ8xiIbrHtcw==
